
Microsoft Visual Studio Solution File, Format Version 12.00
# Visual Studio 15
VisualStudioVersion = 15.0.27130.2003
MinimumVisualStudioVersion = 10.0.40219.1
Project("{8BC9CEB8-8B4A-11D0-8D11-00A0C91BC942}") = "3dview", "3dview\3dview.vcxproj", "{3BE2FE0E-2E16-4731-8C6A-3A705BB44D9B}"
EndProject
Project("{8BC9CEB8-8B4A-11D0-8D11-00A0C91BC942}") = "text", "text\text.vcxproj", "{F5F8606D-754A-4E2F-806A-D2D662339E1B}"
EndProject
Global
	GlobalSection(SolutionConfigurationPlatforms) = preSolution
		Debug|x64 = Debug|x64
		Debug|x86 = Debug|x86
		Release|x64 = Release|x64
		Release|x86 = Release|x86
	EndGlobalSection
	GlobalSection(ProjectConfigurationPlatforms) = postSolution
		{3BE2FE0E-2E16-4731-8C6A-3A705BB44D9B}.Debug|x64.ActiveCfg = Debug|x64
		{3BE2FE0E-2E16-4731-8C6A-3A705BB44D9B}.Debug|x64.Build.0 = Debug|x64
		{3BE2FE0E-2E16-4731-8C6A-3A705BB44D9B}.Debug|x86.ActiveCfg = Debug|Win32
		{3BE2FE0E-2E16-4731-8C6A-3A705BB44D9B}.Debug|x86.Build.0 = Debug|Win32
		{3BE2FE0E-2E16-4731-8C6A-3A705BB44D9B}.Release|x64.ActiveCfg = Release|x64
		{3BE2FE0E-2E16-4731-8C6A-3A705BB44D9B}.Release|x64.Build.0 = Release|x64
		{3BE2FE0E-2E16-4731-8C6A-3A705BB44D9B}.Release|x86.ActiveCfg = Release|Win32
		{3BE2FE0E-2E16-4731-8C6A-3A705BB44D9B}.Release|x86.Build.0 = Release|Win32
		{F5F8606D-754A-4E2F-806A-D2D662339E1B}.Debug|x64.ActiveCfg = Debug|x64
		{F5F8606D-754A-4E2F-806A-D2D662339E1B}.Debug|x64.Build.0 = Debug|x64
		{F5F8606D-754A-4E2F-806A-D2D662339E1B}.Debug|x86.ActiveCfg = Debug|Win32
		{F5F8606D-754A-4E2F-806A-D2D662339E1B}.Debug|x86.Build.0 = Debug|Win32
		{F5F8606D-754A-4E2F-806A-D2D662339E1B}.Release|x64.ActiveCfg = Release|x64
		{F5F8606D-754A-4E2F-806A-D2D662339E1B}.Release|x64.Build.0 = Release|x64
		{F5F8606D-754A-4E2F-806A-D2D662339E1B}.Release|x86.ActiveCfg = Release|Win32
		{F5F8606D-754A-4E2F-806A-D2D662339E1B}.Release|x86.Build.0 = Release|Win32
	EndGlobalSection
	GlobalSection(SolutionProperties) = preSolution
		HideSolutionNode = FALSE
	EndGlobalSection
	GlobalSection(ExtensibilityGlobals) = postSolution
		SolutionGuid = {66D280B1-7A4F-4623-889D-F40A8328C11F}
	EndGlobalSection
EndGlobal
